
Microsoft Visual Studio Solution File, Format Version 12.00
# Visual Studio 15
Project("{FAE04EC0-301F-11D3-BF4B-00C04F79EFBC}") = "Unity.RenderPipelines.Core.Runtime", "Unity.RenderPipelines.Core.Runtime.csproj", "{A7C86C1C-A9BF-1A16-BAAD-BF2628F56FC2}"
EndProject
Project("{FAE04EC0-301F-11D3-BF4B-00C04F79EFBC}") = "UnityEngine.TestRunner", "UnityEngine.TestRunner.csproj", "{0B674F13-391B-CDBC-1863-F10232EFF749}"
EndProject
Project("{FAE04EC0-301F-11D3-BF4B-00C04F79EFBC}") = "UnityEngine.UI", "UnityEngine.UI.csproj", "{12955850-CCB9-E124-C883-61790BF01531}"
EndProject
Project("{FAE04EC0-301F-11D3-BF4B-00C04F79EFBC}") = "Unity.VisualScripting.Flow", "Unity.VisualScripting.Flow.csproj", "{9CFDE77F-5255-B16B-4E22-737294985012}"
EndProject
Project("{FAE04EC0-301F-11D3-BF4B-00C04F79EFBC}") = "Unity.Mathematics", "Unity.Mathematics.csproj", "{98A9AA83-41BE-84B9-C3BF-B1324337ABCA}"
EndProject
Project("{FAE04EC0-301F-11D3-BF4B-00C04F79EFBC}") = "Unity.Services.Core.Telemetry", "Unity.Services.Core.Telemetry.csproj", "{D38C157C-27B0-2E3A-FDAA-C5800571F72E}"
EndProject
Project("{FAE04EC0-301F-11D3-BF4B-00C04F79EFBC}") = "Unity.VisualScripting.State", "Unity.VisualScripting.State.csproj", "{57EC5EBA-DCE7-E2C6-8EBE-501ABA8B0259}"
EndProject
Project("{FAE04EC0-301F-11D3-BF4B-00C04F79EFBC}") = "Unity.VisualScripting.Core", "Unity.VisualScripting.Core.csproj", "{3C0ED925-E3F0-C7A6-FD6C-E606F845185A}"
EndProject
Project("{FAE04EC0-301F-11D3-BF4B-00C04F79EFBC}") = "Unity.RenderPipelines.Universal.Runtime", "Unity.RenderPipelines.Universal.Runtime.csproj", "{9107628B-E8E2-3569-16C6-03A4218A18AA}"
EndProject
Project("{FAE04EC0-301F-11D3-BF4B-00C04F79EFBC}") = "Unity.Services.Core.Environments.Internal", "Unity.Services.Core.Environments.Internal.csproj", "{4D24AFDF-8CC7-117C-BD31-127BF0DD47F0}"
EndProject
Project("{FAE04EC0-301F-11D3-BF4B-00C04F79EFBC}") = "Unity.Burst", "Unity.Burst.csproj", "{DA02D434-3799-666A-6C61-2A5128F3AC86}"
EndProject
Project("{FAE04EC0-301F-11D3-BF4B-00C04F79EFBC}") = "Unity.TextMeshPro", "Unity.TextMeshPro.csproj", "{EC6A1901-516F-746C-0DCB-94DDA7140640}"
EndProject
Project("{FAE04EC0-301F-11D3-BF4B-00C04F79EFBC}") = "Unity.Timeline", "Unity.Timeline.csproj", "{E5CEF29C-5FC6-230D-01F9-1E252317EE40}"
EndProject
Project("{FAE04EC0-301F-11D3-BF4B-00C04F79EFBC}") = "Unity.RenderPipeline.Universal.ShaderLibrary", "Unity.RenderPipeline.Universal.ShaderLibrary.csproj", "{F542F449-F157-977E-5269-74132801830E}"
EndProject
Project("{FAE04EC0-301F-11D3-BF4B-00C04F79EFBC}") = "Unity.Services.Core.Environments", "Unity.Services.Core.Environments.csproj", "{9F6BF6A2-45F6-654D-ED47-D59B7E0C942C}"
EndProject
Project("{FAE04EC0-301F-11D3-BF4B-00C04F79EFBC}") = "Unity.Services.Core.Internal", "Unity.Services.Core.Internal.csproj", "{8A7851E2-3EBD-6488-A4B8-7B9A8F6D594F}"
EndProject
Project("{FAE04EC0-301F-11D3-BF4B-00C04F79EFBC}") = "Unity.Services.Core.Analytics", "Unity.Services.Core.Analytics.csproj", "{B8896A54-4093-9625-2B28-47172310D81E}"
EndProject
Project("{FAE04EC0-301F-11D3-BF4B-00C04F79EFBC}") = "Unity.Services.Core.Scheduler", "Unity.Services.Core.Scheduler.csproj", "{68315B74-EDA4-5982-C99A-A78C0D99D5E3}"
EndProject
Project("{FAE04EC0-301F-11D3-BF4B-00C04F79EFBC}") = "Unity.Services.Core.Registration", "Unity.Services.Core.Registration.csproj", "{41724839-DBE2-9BAD-99DB-EBFF5766871D}"
EndProject
Project("{FAE04EC0-301F-11D3-BF4B-00C04F79EFBC}") = "Unity.Services.Core.Device", "Unity.Services.Core.Device.csproj", "{280C57C8-D666-8B36-F14B-417A3990619E}"
EndProject
Project("{FAE04EC0-301F-11D3-BF4B-00C04F79EFBC}") = "Unity.Services.Core.Threading", "Unity.Services.Core.Threading.csproj", "{6ABDA43E-7EDB-1B70-CEB8-DC0E4ECCF94A}"
EndProject
Project("{FAE04EC0-301F-11D3-BF4B-00C04F79EFBC}") = "Unity.Services.Core.Networking", "Unity.Services.Core.Networking.csproj", "{CF136FBC-A00C-2C6D-E5AD-7C2FB98FA278}"
EndProject
Project("{FAE04EC0-301F-11D3-BF4B-00C04F79EFBC}") = "Unity.Services.Core", "Unity.Services.Core.csproj", "{5867A25E-BA09-00E3-5C48-3CF55877AACA}"
EndProject
Project("{FAE04EC0-301F-11D3-BF4B-00C04F79EFBC}") = "Unity.RenderPipelines.Core.ShaderLibrary", "Unity.RenderPipelines.Core.ShaderLibrary.csproj", "{FAC01A7E-A57B-ECCD-ED1B-ACBEC5317CC6}"
EndProject
Project("{FAE04EC0-301F-11D3-BF4B-00C04F79EFBC}") = "Unity.Services.Core.Configuration", "Unity.Services.Core.Configuration.csproj", "{60702B65-1A4E-79B5-02FC-0CA60932EBEC}"
EndProject
Project("{FAE04EC0-301F-11D3-BF4B-00C04F79EFBC}") = "Unity.RenderPipelines.Universal.Shaders", "Unity.RenderPipelines.Universal.Shaders.csproj", "{B31BAF4F-A319-BE37-65CD-F3BC8155C7D0}"
EndProject
Project("{FAE04EC0-301F-11D3-BF4B-00C04F79EFBC}") = "Unity.RenderPipelines.ShaderGraph.ShaderGraphLibrary", "Unity.RenderPipelines.ShaderGraph.ShaderGraphLibrary.csproj", "{CDF0922D-750F-EB8D-089D-419725B45C2E}"
EndProject
Project("{FAE04EC0-301F-11D3-BF4B-00C04F79EFBC}") = "Main", "Main.csproj", "{D664E480-AB57-1BB3-1609-AA4E3815958E}"
EndProject
Project("{FAE04EC0-301F-11D3-BF4B-00C04F79EFBC}") = "Assembly-CSharp", "Assembly-CSharp.csproj", "{DCF5822A-1938-CCBE-3721-A9D2B7DEC9EA}"
EndProject
Project("{FAE04EC0-301F-11D3-BF4B-00C04F79EFBC}") = "Abstractions", "Abstractions.csproj", "{180C13AF-1CF7-60CE-E257-1BF3386EBB1B}"
EndProject
Project("{FAE04EC0-301F-11D3-BF4B-00C04F79EFBC}") = "UserControl", "UserControl.csproj", "{641578EB-CDCF-7C28-24D7-7F746549F08C}"
EndProject
Project("{FAE04EC0-301F-11D3-BF4B-00C04F79EFBC}") = "Utils", "Utils.csproj", "{82B9B73E-FC87-DB2C-2023-4FB17176C4C3}"
EndProject
Project("{FAE04EC0-301F-11D3-BF4B-00C04F79EFBC}") = "Core", "Core.csproj", "{2317CD96-790D-3ECB-3612-4D9FA94CF475}"
EndProject
Project("{FAE04EC0-301F-11D3-BF4B-00C04F79EFBC}") = "Unity.PlasticSCM.Editor", "Unity.PlasticSCM.Editor.csproj", "{BCBAEA4E-A02D-9305-921D-825845F49E32}"
EndProject
Project("{FAE04EC0-301F-11D3-BF4B-00C04F79EFBC}") = "Unity.VisualScripting.Core.Editor", "Unity.VisualScripting.Core.Editor.csproj", "{50BA3432-E10B-C0C8-9977-07A2AAE03951}"
EndProject
Project("{FAE04EC0-301F-11D3-BF4B-00C04F79EFBC}") = "Unity.VisualScripting.Flow.Editor", "Unity.VisualScripting.Flow.Editor.csproj", "{1DC4AB5C-E61C-201B-5E97-87A34C9E85CB}"
EndProject
Project("{FAE04EC0-301F-11D3-BF4B-00C04F79EFBC}") = "Unity.ShaderGraph.Editor", "Unity.ShaderGraph.Editor.csproj", "{D2157FCE-25A1-5AC7-216E-66596A8170DB}"
EndProject
Project("{FAE04EC0-301F-11D3-BF4B-00C04F79EFBC}") = "Unity.VisualStudio.Editor", "Unity.VisualStudio.Editor.csproj", "{6A2D1676-FAAA-903D-0F46-ACF24F46E1DD}"
EndProject
Project("{FAE04EC0-301F-11D3-BF4B-00C04F79EFBC}") = "Unity.Timeline.Editor", "Unity.Timeline.Editor.csproj", "{91D87F19-1568-34A6-D109-04AD919D2787}"
EndProject
Project("{FAE04EC0-301F-11D3-BF4B-00C04F79EFBC}") = "Unity.RenderPipelines.Universal.Editor", "Unity.RenderPipelines.Universal.Editor.csproj", "{A98E3338-AB67-3B4E-8464-37C02AEB662C}"
EndProject
Project("{FAE04EC0-301F-11D3-BF4B-00C04F79EFBC}") = "Unity.VisualScripting.State.Editor", "Unity.VisualScripting.State.Editor.csproj", "{3AFF7383-65E1-2548-632B-DDFF45416D1E}"
EndProject
Project("{FAE04EC0-301F-11D3-BF4B-00C04F79EFBC}") = "Unity.TextMeshPro.Editor", "Unity.TextMeshPro.Editor.csproj", "{4D05EF9B-F385-27DB-9106-7A1CB0F7DC86}"
EndProject
Project("{FAE04EC0-301F-11D3-BF4B-00C04F79EFBC}") = "Unity.RenderPipelines.Core.Editor", "Unity.RenderPipelines.Core.Editor.csproj", "{CB5D0F3E-5D8B-FB12-7B95-EDBE97E00681}"
EndProject
Project("{FAE04EC0-301F-11D3-BF4B-00C04F79EFBC}") = "Unity.VisualScripting.SettingsProvider.Editor", "Unity.VisualScripting.SettingsProvider.Editor.csproj", "{C2304078-E6A1-B8D5-F2BF-2AAB01C84DF0}"
EndProject
Project("{FAE04EC0-301F-11D3-BF4B-00C04F79EFBC}") = "Unity.CollabProxy.Editor", "Unity.CollabProxy.Editor.csproj", "{BB40224A-A62D-CA2F-31E4-893791BFF521}"
EndProject
Project("{FAE04EC0-301F-11D3-BF4B-00C04F79EFBC}") = "UnityEditor.TestRunner", "UnityEditor.TestRunner.csproj", "{491D6D6A-676D-8D8D-0E58-E288AEF00E18}"
EndProject
Project("{FAE04EC0-301F-11D3-BF4B-00C04F79EFBC}") = "Unity.Services.Core.Editor", "Unity.Services.Core.Editor.csproj", "{DABBCE3D-F5DE-268C-872A-51E148E18541}"
EndProject
Project("{FAE04EC0-301F-11D3-BF4B-00C04F79EFBC}") = "Unity.Rider.Editor", "Unity.Rider.Editor.csproj", "{7E990743-3C42-981B-E955-FC637D3D0994}"
EndProject
Project("{FAE04EC0-301F-11D3-BF4B-00C04F79EFBC}") = "Unity.Searcher.Editor", "Unity.Searcher.Editor.csproj", "{FFCD6015-1E30-4DCD-7358-5E41BA80440D}"
EndProject
Project("{FAE04EC0-301F-11D3-BF4B-00C04F79EFBC}") = "Unity.Burst.CodeGen", "Unity.Burst.CodeGen.csproj", "{0655E2D0-CE35-3F6F-91E7-FA29305C4C2C}"
EndProject
Project("{FAE04EC0-301F-11D3-BF4B-00C04F79EFBC}") = "Unity.VSCode.Editor", "Unity.VSCode.Editor.csproj", "{EDC2ACA4-3E93-ED9D-9DF8-095A4F757B93}"
EndProject
Project("{FAE04EC0-301F-11D3-BF4B-00C04F79EFBC}") = "UnityEditor.UI", "UnityEditor.UI.csproj", "{250FF7ED-688A-EDDA-BCDE-9F991F0BDAF8}"
EndProject
Project("{FAE04EC0-301F-11D3-BF4B-00C04F79EFBC}") = "PPv2URPConverters", "PPv2URPConverters.csproj", "{C2C644CE-5135-5A08-7B82-1E32C9CDEA2B}"
EndProject
Project("{FAE04EC0-301F-11D3-BF4B-00C04F79EFBC}") = "Unity.Mathematics.Editor", "Unity.Mathematics.Editor.csproj", "{B280F195-3090-08B6-F1BD-FE791FDCE351}"
EndProject
Project("{FAE04EC0-301F-11D3-BF4B-00C04F79EFBC}") = "Unity.Services.Core.Configuration.Editor", "Unity.Services.Core.Configuration.Editor.csproj", "{9A9FEA3F-F45B-C1CF-283B-1DD0D85683EB}"
EndProject
Project("{FAE04EC0-301F-11D3-BF4B-00C04F79EFBC}") = "Unity.Burst.Editor", "Unity.Burst.Editor.csproj", "{84F8EFD8-A7E5-0ED4-5879-F6B6A31CCC86}"
EndProject
Project("{FAE04EC0-301F-11D3-BF4B-00C04F79EFBC}") = "Unity.ShaderGraph.Utilities", "Unity.ShaderGraph.Utilities.csproj", "{BF73B31B-715A-ABCA-BE14-8C4BD440FAF2}"
EndProject
Project("{FAE04EC0-301F-11D3-BF4B-00C04F79EFBC}") = "Unity.VisualScripting.Shared.Editor", "Unity.VisualScripting.Shared.Editor.csproj", "{461DEC0E-ABE6-8440-4467-18972AC2E02B}"
EndProject
Project("{FAE04EC0-301F-11D3-BF4B-00C04F79EFBC}") = "Unity.RenderPipelines.Core.Runtime", "Unity.RenderPipelines.Core.Runtime.Player.csproj", "{9AD96610-9D58-B954-CD5E-80EC544DA93F}"
EndProject
Project("{FAE04EC0-301F-11D3-BF4B-00C04F79EFBC}") = "UnityEngine.TestRunner", "UnityEngine.TestRunner.Player.csproj", "{D0DC45D7-9459-6057-BBB5-CB1B593941D6}"
EndProject
Project("{FAE04EC0-301F-11D3-BF4B-00C04F79EFBC}") = "UnityEngine.UI", "UnityEngine.UI.Player.csproj", "{C91B6651-0B5F-F599-822F-889F02919B35}"
EndProject
Project("{FAE04EC0-301F-11D3-BF4B-00C04F79EFBC}") = "Unity.VisualScripting.Flow", "Unity.VisualScripting.Flow.Player.csproj", "{4212461F-BF64-341C-51E6-072900744128}"
EndProject
Project("{FAE04EC0-301F-11D3-BF4B-00C04F79EFBC}") = "Unity.Mathematics", "Unity.Mathematics.Player.csproj", "{FE9FFCE5-383C-C736-FAD5-67F714285C60}"
EndProject
Project("{FAE04EC0-301F-11D3-BF4B-00C04F79EFBC}") = "Unity.Services.Core.Telemetry", "Unity.Services.Core.Telemetry.Player.csproj", "{765B470A-1EAA-2C69-394C-244E43F53645}"
EndProject
Project("{FAE04EC0-301F-11D3-BF4B-00C04F79EFBC}") = "Unity.VisualScripting.State", "Unity.VisualScripting.State.Player.csproj", "{99ED1EBA-0B04-668A-9F0B-CFC0D0BDD893}"
EndProject
Project("{FAE04EC0-301F-11D3-BF4B-00C04F79EFBC}") = "Unity.VisualScripting.Core", "Unity.VisualScripting.Core.Player.csproj", "{5254C0C5-3961-FFF0-2BF0-D6203A86C4BA}"
EndProject
Project("{FAE04EC0-301F-11D3-BF4B-00C04F79EFBC}") = "Unity.RenderPipelines.Universal.Runtime", "Unity.RenderPipelines.Universal.Runtime.Player.csproj", "{990D14B8-E3B8-D00D-99E2-215C8B3B73AF}"
EndProject
Project("{FAE04EC0-301F-11D3-BF4B-00C04F79EFBC}") = "Unity.Services.Core.Environments.Internal", "Unity.Services.Core.Environments.Internal.Player.csproj", "{70B0631A-40CD-93B6-EC6D-249B1C0DDE6F}"
EndProject
Project("{FAE04EC0-301F-11D3-BF4B-00C04F79EFBC}") = "Unity.Burst", "Unity.Burst.Player.csproj", "{E2AC593F-1E83-68CC-7216-2BA2D20E2450}"
EndProject
Project("{FAE04EC0-301F-11D3-BF4B-00C04F79EFBC}") = "Unity.TextMeshPro", "Unity.TextMeshPro.Player.csproj", "{68B879D5-8C15-AD75-E7E1-CDD22515EA87}"
EndProject
Project("{FAE04EC0-301F-11D3-BF4B-00C04F79EFBC}") = "Unity.Timeline", "Unity.Timeline.Player.csproj", "{1668C589-A96D-398C-CA3A-69B569B58A9D}"
EndProject
Project("{FAE04EC0-301F-11D3-BF4B-00C04F79EFBC}") = "Unity.RenderPipeline.Universal.ShaderLibrary", "Unity.RenderPipeline.Universal.ShaderLibrary.Player.csproj", "{EB06819F-9913-8738-2A7C-064706C4725E}"
EndProject
Project("{FAE04EC0-301F-11D3-BF4B-00C04F79EFBC}") = "Unity.Services.Core.Environments", "Unity.Services.Core.Environments.Player.csproj", "{763FC257-B511-0241-9B8D-EAE5E6488E9E}"
EndProject
Project("{FAE04EC0-301F-11D3-BF4B-00C04F79EFBC}") = "Unity.Services.Core.Internal", "Unity.Services.Core.Internal.Player.csproj", "{592131D7-3588-517C-AAA7-01FDE23CD561}"
EndProject
Project("{FAE04EC0-301F-11D3-BF4B-00C04F79EFBC}") = "Unity.Services.Core.Analytics", "Unity.Services.Core.Analytics.Player.csproj", "{492921F3-20E4-8B24-8E71-C81E66EA2801}"
EndProject
Project("{FAE04EC0-301F-11D3-BF4B-00C04F79EFBC}") = "Unity.Services.Core.Scheduler", "Unity.Services.Core.Scheduler.Player.csproj", "{2A6BC04C-FF70-02EA-94C0-E77715620270}"
EndProject
Project("{FAE04EC0-301F-11D3-BF4B-00C04F79EFBC}") = "Unity.Services.Core.Registration", "Unity.Services.Core.Registration.Player.csproj", "{C4CF52C9-9B76-2649-4A79-9B5DEC0FE699}"
EndProject
Project("{FAE04EC0-301F-11D3-BF4B-00C04F79EFBC}") = "Unity.Services.Core.Device", "Unity.Services.Core.Device.Player.csproj", "{81CF9ACA-DFAE-A253-D0D2-94C2B044829F}"
EndProject
Project("{FAE04EC0-301F-11D3-BF4B-00C04F79EFBC}") = "Unity.Services.Core.Threading", "Unity.Services.Core.Threading.Player.csproj", "{8C551374-82AF-15A3-B392-A5E1BB90CCC0}"
EndProject
Project("{FAE04EC0-301F-11D3-BF4B-00C04F79EFBC}") = "Unity.Services.Core.Networking", "Unity.Services.Core.Networking.Player.csproj", "{0BA37AA8-8B8D-A0E4-6CC2-A356719FFBB0}"
EndProject
Project("{FAE04EC0-301F-11D3-BF4B-00C04F79EFBC}") = "Unity.Services.Core", "Unity.Services.Core.Player.csproj", "{B858E2C5-52A3-8E7A-F750-6CA9CE75954A}"
EndProject
Project("{FAE04EC0-301F-11D3-BF4B-00C04F79EFBC}") = "Unity.RenderPipelines.Core.ShaderLibrary", "Unity.RenderPipelines.Core.ShaderLibrary.Player.csproj", "{0A4D0A88-7EC7-C20A-E845-8B492A787548}"
EndProject
Project("{FAE04EC0-301F-11D3-BF4B-00C04F79EFBC}") = "Unity.Services.Core.Configuration", "Unity.Services.Core.Configuration.Player.csproj", "{B2DE07FB-974D-3746-3174-61265784BE98}"
EndProject
Project("{FAE04EC0-301F-11D3-BF4B-00C04F79EFBC}") = "Unity.RenderPipelines.Universal.Shaders", "Unity.RenderPipelines.Universal.Shaders.Player.csproj", "{7F563A65-47B5-A474-C82D-51628EF0C797}"
EndProject
Project("{FAE04EC0-301F-11D3-BF4B-00C04F79EFBC}") = "Unity.RenderPipelines.ShaderGraph.ShaderGraphLibrary", "Unity.RenderPipelines.ShaderGraph.ShaderGraphLibrary.Player.csproj", "{E423EFFA-3DCD-F27F-3283-7A40A353C63B}"
EndProject
Project("{FAE04EC0-301F-11D3-BF4B-00C04F79EFBC}") = "Main", "Main.Player.csproj", "{41686648-E417-061E-4464-EC6DB7FC1D54}"
EndProject
Project("{FAE04EC0-301F-11D3-BF4B-00C04F79EFBC}") = "Assembly-CSharp", "Assembly-CSharp.Player.csproj", "{A367858E-2DA2-0404-9CB3-5F12878D1373}"
EndProject
Project("{FAE04EC0-301F-11D3-BF4B-00C04F79EFBC}") = "Abstractions", "Abstractions.Player.csproj", "{7484C79B-7966-52F7-32DB-9B5F8546FA11}"
EndProject
Project("{FAE04EC0-301F-11D3-BF4B-00C04F79EFBC}") = "UserControl", "UserControl.Player.csproj", "{0470D649-2F84-56EA-5E53-D62A92764C36}"
EndProject
Project("{FAE04EC0-301F-11D3-BF4B-00C04F79EFBC}") = "Utils", "Utils.Player.csproj", "{2F34BBBF-E77A-AD45-4CC1-A0DAA34EF25C}"
EndProject
Project("{FAE04EC0-301F-11D3-BF4B-00C04F79EFBC}") = "Core", "Core.Player.csproj", "{2377E1D6-5714-E1E2-C694-645B6DBA3BE1}"
EndProject
Global
	GlobalSection(SolutionConfigurationPlatforms) = preSolution
		Debug|Any CPU = Debug|Any CPU
		Release|Any CPU = Release|Any CPU
	EndGlobalSection
	GlobalSection(ProjectConfigurationPlatforms) = postSolution
		{A7C86C1C-A9BF-1A16-BAAD-BF2628F56FC2}.Debug|Any CPU.ActiveCfg = Debug|Any CPU
		{A7C86C1C-A9BF-1A16-BAAD-BF2628F56FC2}.Debug|Any CPU.Build.0 = Debug|Any CPU
		{A7C86C1C-A9BF-1A16-BAAD-BF2628F56FC2}.Release|Any CPU.ActiveCfg = Release|Any CPU
		{A7C86C1C-A9BF-1A16-BAAD-BF2628F56FC2}.Release|Any CPU.Build.0 = Release|Any CPU
		{0B674F13-391B-CDBC-1863-F10232EFF749}.Debug|Any CPU.ActiveCfg = Debug|Any CPU
		{0B674F13-391B-CDBC-1863-F10232EFF749}.Debug|Any CPU.Build.0 = Debug|Any CPU
		{0B674F13-391B-CDBC-1863-F10232EFF749}.Release|Any CPU.ActiveCfg = Release|Any CPU
		{0B674F13-391B-CDBC-1863-F10232EFF749}.Release|Any CPU.Build.0 = Release|Any CPU
		{12955850-CCB9-E124-C883-61790BF01531}.Debug|Any CPU.ActiveCfg = Debug|Any CPU
		{12955850-CCB9-E124-C883-61790BF01531}.Debug|Any CPU.Build.0 = Debug|Any CPU
		{12955850-CCB9-E124-C883-61790BF01531}.Release|Any CPU.ActiveCfg = Release|Any CPU
		{12955850-CCB9-E124-C883-61790BF01531}.Release|Any CPU.Build.0 = Release|Any CPU
		{9CFDE77F-5255-B16B-4E22-737294985012}.Debug|Any CPU.ActiveCfg = Debug|Any CPU
		{9CFDE77F-5255-B16B-4E22-737294985012}.Debug|Any CPU.Build.0 = Debug|Any CPU
		{9CFDE77F-5255-B16B-4E22-737294985012}.Release|Any CPU.ActiveCfg = Release|Any CPU
		{9CFDE77F-5255-B16B-4E22-737294985012}.Release|Any CPU.Build.0 = Release|Any CPU
		{98A9AA83-41BE-84B9-C3BF-B1324337ABCA}.Debug|Any CPU.ActiveCfg = Debug|Any CPU
		{98A9AA83-41BE-84B9-C3BF-B1324337ABCA}.Debug|Any CPU.Build.0 = Debug|Any CPU
		{98A9AA83-41BE-84B9-C3BF-B1324337ABCA}.Release|Any CPU.ActiveCfg = Release|Any CPU
		{98A9AA83-41BE-84B9-C3BF-B1324337ABCA}.Release|Any CPU.Build.0 = Release|Any CPU
		{D38C157C-27B0-2E3A-FDAA-C5800571F72E}.Debug|Any CPU.ActiveCfg = Debug|Any CPU
		{D38C157C-27B0-2E3A-FDAA-C5800571F72E}.Debug|Any CPU.Build.0 = Debug|Any CPU
		{D38C157C-27B0-2E3A-FDAA-C5800571F72E}.Release|Any CPU.ActiveCfg = Release|Any CPU
		{D38C157C-27B0-2E3A-FDAA-C5800571F72E}.Release|Any CPU.Build.0 = Release|Any CPU
		{57EC5EBA-DCE7-E2C6-8EBE-501ABA8B0259}.Debug|Any CPU.ActiveCfg = Debug|Any CPU
		{57EC5EBA-DCE7-E2C6-8EBE-501ABA8B0259}.Debug|Any CPU.Build.0 = Debug|Any CPU
		{57EC5EBA-DCE7-E2C6-8EBE-501ABA8B0259}.Release|Any CPU.ActiveCfg = Release|Any CPU
		{57EC5EBA-DCE7-E2C6-8EBE-501ABA8B0259}.Release|Any CPU.Build.0 = Release|Any CPU
		{3C0ED925-E3F0-C7A6-FD6C-E606F845185A}.Debug|Any CPU.ActiveCfg = Debug|Any CPU
		{3C0ED925-E3F0-C7A6-FD6C-E606F845185A}.Debug|Any CPU.Build.0 = Debug|Any CPU
		{3C0ED925-E3F0-C7A6-FD6C-E606F845185A}.Release|Any CPU.ActiveCfg = Release|Any CPU
		{3C0ED925-E3F0-C7A6-FD6C-E606F845185A}.Release|Any CPU.Build.0 = Release|Any CPU
		{9107628B-E8E2-3569-16C6-03A4218A18AA}.Debug|Any CPU.ActiveCfg = Debug|Any CPU
		{9107628B-E8E2-3569-16C6-03A4218A18AA}.Debug|Any CPU.Build.0 = Debug|Any CPU
		{9107628B-E8E2-3569-16C6-03A4218A18AA}.Release|Any CPU.ActiveCfg = Release|Any CPU
		{9107628B-E8E2-3569-16C6-03A4218A18AA}.Release|Any CPU.Build.0 = Release|Any CPU
		{4D24AFDF-8CC7-117C-BD31-127BF0DD47F0}.Debug|Any CPU.ActiveCfg = Debug|Any CPU
		{4D24AFDF-8CC7-117C-BD31-127BF0DD47F0}.Debug|Any CPU.Build.0 = Debug|Any CPU
		{4D24AFDF-8CC7-117C-BD31-127BF0DD47F0}.Release|Any CPU.ActiveCfg = Release|Any CPU
		{4D24AFDF-8CC7-117C-BD31-127BF0DD47F0}.Release|Any CPU.Build.0 = Release|Any CPU
		{DA02D434-3799-666A-6C61-2A5128F3AC86}.Debug|Any CPU.ActiveCfg = Debug|Any CPU
		{DA02D434-3799-666A-6C61-2A5128F3AC86}.Debug|Any CPU.Build.0 = Debug|Any CPU
		{DA02D434-3799-666A-6C61-2A5128F3AC86}.Release|Any CPU.ActiveCfg = Release|Any CPU
		{DA02D434-3799-666A-6C61-2A5128F3AC86}.Release|Any CPU.Build.0 = Release|Any CPU
		{EC6A1901-516F-746C-0DCB-94DDA7140640}.Debug|Any CPU.ActiveCfg = Debug|Any CPU
		{EC6A1901-516F-746C-0DCB-94DDA7140640}.Debug|Any CPU.Build.0 = Debug|Any CPU
		{EC6A1901-516F-746C-0DCB-94DDA7140640}.Release|Any CPU.ActiveCfg = Release|Any CPU
		{EC6A1901-516F-746C-0DCB-94DDA7140640}.Release|Any CPU.Build.0 = Release|Any CPU
		{E5CEF29C-5FC6-230D-01F9-1E252317EE40}.Debug|Any CPU.ActiveCfg = Debug|Any CPU
		{E5CEF29C-5FC6-230D-01F9-1E252317EE40}.Debug|Any CPU.Build.0 = Debug|Any CPU
		{E5CEF29C-5FC6-230D-01F9-1E252317EE40}.Release|Any CPU.ActiveCfg = Release|Any CPU
		{E5CEF29C-5FC6-230D-01F9-1E252317EE40}.Release|Any CPU.Build.0 = Release|Any CPU
		{F542F449-F157-977E-5269-74132801830E}.Debug|Any CPU.ActiveCfg = Debug|Any CPU
		{F542F449-F157-977E-5269-74132801830E}.Debug|Any CPU.Build.0 = Debug|Any CPU
		{F542F449-F157-977E-5269-74132801830E}.Release|Any CPU.ActiveCfg = Release|Any CPU
		{F542F449-F157-977E-5269-74132801830E}.Release|Any CPU.Build.0 = Release|Any CPU
		{9F6BF6A2-45F6-654D-ED47-D59B7E0C942C}.Debug|Any CPU.ActiveCfg = Debug|Any CPU
		{9F6BF6A2-45F6-654D-ED47-D59B7E0C942C}.Debug|Any CPU.Build.0 = Debug|Any CPU
		{9F6BF6A2-45F6-654D-ED47-D59B7E0C942C}.Release|Any CPU.ActiveCfg = Release|Any CPU
		{9F6BF6A2-45F6-654D-ED47-D59B7E0C942C}.Release|Any CPU.Build.0 = Release|Any CPU
		{8A7851E2-3EBD-6488-A4B8-7B9A8F6D594F}.Debug|Any CPU.ActiveCfg = Debug|Any CPU
		{8A7851E2-3EBD-6488-A4B8-7B9A8F6D594F}.Debug|Any CPU.Build.0 = Debug|Any CPU
		{8A7851E2-3EBD-6488-A4B8-7B9A8F6D594F}.Release|Any CPU.ActiveCfg = Release|Any CPU
		{8A7851E2-3EBD-6488-A4B8-7B9A8F6D594F}.Release|Any CPU.Build.0 = Release|Any CPU
		{B8896A54-4093-9625-2B28-47172310D81E}.Debug|Any CPU.ActiveCfg = Debug|Any CPU
		{B8896A54-4093-9625-2B28-47172310D81E}.Debug|Any CPU.Build.0 = Debug|Any CPU
		{B8896A54-4093-9625-2B28-47172310D81E}.Release|Any CPU.ActiveCfg = Release|Any CPU
		{B8896A54-4093-9625-2B28-47172310D81E}.Release|Any CPU.Build.0 = Release|Any CPU
		{68315B74-EDA4-5982-C99A-A78C0D99D5E3}.Debug|Any CPU.ActiveCfg = Debug|Any CPU
		{68315B74-EDA4-5982-C99A-A78C0D99D5E3}.Debug|Any CPU.Build.0 = Debug|Any CPU
		{68315B74-EDA4-5982-C99A-A78C0D99D5E3}.Release|Any CPU.ActiveCfg = Release|Any CPU
		{68315B74-EDA4-5982-C99A-A78C0D99D5E3}.Release|Any CPU.Build.0 = Release|Any CPU
		{41724839-DBE2-9BAD-99DB-EBFF5766871D}.Debug|Any CPU.ActiveCfg = Debug|Any CPU
		{41724839-DBE2-9BAD-99DB-EBFF5766871D}.Debug|Any CPU.Build.0 = Debug|Any CPU
		{41724839-DBE2-9BAD-99DB-EBFF5766871D}.Release|Any CPU.ActiveCfg = Release|Any CPU
		{41724839-DBE2-9BAD-99DB-EBFF5766871D}.Release|Any CPU.Build.0 = Release|Any CPU
		{280C57C8-D666-8B36-F14B-417A3990619E}.Debug|Any CPU.ActiveCfg = Debug|Any CPU
		{280C57C8-D666-8B36-F14B-417A3990619E}.Debug|Any CPU.Build.0 = Debug|Any CPU
		{280C57C8-D666-8B36-F14B-417A3990619E}.Release|Any CPU.ActiveCfg = Release|Any CPU
		{280C57C8-D666-8B36-F14B-417A3990619E}.Release|Any CPU.Build.0 = Release|Any CPU
		{6ABDA43E-7EDB-1B70-CEB8-DC0E4ECCF94A}.Debug|Any CPU.ActiveCfg = Debug|Any CPU
		{6ABDA43E-7EDB-1B70-CEB8-DC0E4ECCF94A}.Debug|Any CPU.Build.0 = Debug|Any CPU
		{6ABDA43E-7EDB-1B70-CEB8-DC0E4ECCF94A}.Release|Any CPU.ActiveCfg = Release|Any CPU
		{6ABDA43E-7EDB-1B70-CEB8-DC0E4ECCF94A}.Release|Any CPU.Build.0 = Release|Any CPU
		{CF136FBC-A00C-2C6D-E5AD-7C2FB98FA278}.Debug|Any CPU.ActiveCfg = Debug|Any CPU
		{CF136FBC-A00C-2C6D-E5AD-7C2FB98FA278}.Debug|Any CPU.Build.0 = Debug|Any CPU
		{CF136FBC-A00C-2C6D-E5AD-7C2FB98FA278}.Release|Any CPU.ActiveCfg = Release|Any CPU
		{CF136FBC-A00C-2C6D-E5AD-7C2FB98FA278}.Release|Any CPU.Build.0 = Release|Any CPU
		{5867A25E-BA09-00E3-5C48-3CF55877AACA}.Debug|Any CPU.ActiveCfg = Debug|Any CPU
		{5867A25E-BA09-00E3-5C48-3CF55877AACA}.Debug|Any CPU.Build.0 = Debug|Any CPU
		{5867A25E-BA09-00E3-5C48-3CF55877AACA}.Release|Any CPU.ActiveCfg = Release|Any CPU
		{5867A25E-BA09-00E3-5C48-3CF55877AACA}.Release|Any CPU.Build.0 = Release|Any CPU
		{FAC01A7E-A57B-ECCD-ED1B-ACBEC5317CC6}.Debug|Any CPU.ActiveCfg = Debug|Any CPU
		{FAC01A7E-A57B-ECCD-ED1B-ACBEC5317CC6}.Debug|Any CPU.Build.0 = Debug|Any CPU
		{FAC01A7E-A57B-ECCD-ED1B-ACBEC5317CC6}.Release|Any CPU.ActiveCfg = Release|Any CPU
		{FAC01A7E-A57B-ECCD-ED1B-ACBEC5317CC6}.Release|Any CPU.Build.0 = Release|Any CPU
		{60702B65-1A4E-79B5-02FC-0CA60932EBEC}.Debug|Any CPU.ActiveCfg = Debug|Any CPU
		{60702B65-1A4E-79B5-02FC-0CA60932EBEC}.Debug|Any CPU.Build.0 = Debug|Any CPU
		{60702B65-1A4E-79B5-02FC-0CA60932EBEC}.Release|Any CPU.ActiveCfg = Release|Any CPU
		{60702B65-1A4E-79B5-02FC-0CA60932EBEC}.Release|Any CPU.Build.0 = Release|Any CPU
		{B31BAF4F-A319-BE37-65CD-F3BC8155C7D0}.Debug|Any CPU.ActiveCfg = Debug|Any CPU
		{B31BAF4F-A319-BE37-65CD-F3BC8155C7D0}.Debug|Any CPU.Build.0 = Debug|Any CPU
		{B31BAF4F-A319-BE37-65CD-F3BC8155C7D0}.Release|Any CPU.ActiveCfg = Release|Any CPU
		{B31BAF4F-A319-BE37-65CD-F3BC8155C7D0}.Release|Any CPU.Build.0 = Release|Any CPU
		{CDF0922D-750F-EB8D-089D-419725B45C2E}.Debug|Any CPU.ActiveCfg = Debug|Any CPU
		{CDF0922D-750F-EB8D-089D-419725B45C2E}.Debug|Any CPU.Build.0 = Debug|Any CPU
		{CDF0922D-750F-EB8D-089D-419725B45C2E}.Release|Any CPU.ActiveCfg = Release|Any CPU
		{CDF0922D-750F-EB8D-089D-419725B45C2E}.Release|Any CPU.Build.0 = Release|Any CPU
		{D664E480-AB57-1BB3-1609-AA4E3815958E}.Debug|Any CPU.ActiveCfg = Debug|Any CPU
		{D664E480-AB57-1BB3-1609-AA4E3815958E}.Debug|Any CPU.Build.0 = Debug|Any CPU
		{D664E480-AB57-1BB3-1609-AA4E3815958E}.Release|Any CPU.ActiveCfg = Release|Any CPU
		{D664E480-AB57-1BB3-1609-AA4E3815958E}.Release|Any CPU.Build.0 = Release|Any CPU
		{DCF5822A-1938-CCBE-3721-A9D2B7DEC9EA}.Debug|Any CPU.ActiveCfg = Debug|Any CPU
		{DCF5822A-1938-CCBE-3721-A9D2B7DEC9EA}.Debug|Any CPU.Build.0 = Debug|Any CPU
		{DCF5822A-1938-CCBE-3721-A9D2B7DEC9EA}.Release|Any CPU.ActiveCfg = Release|Any CPU
		{DCF5822A-1938-CCBE-3721-A9D2B7DEC9EA}.Release|Any CPU.Build.0 = Release|Any CPU
		{180C13AF-1CF7-60CE-E257-1BF3386EBB1B}.Debug|Any CPU.ActiveCfg = Debug|Any CPU
		{180C13AF-1CF7-60CE-E257-1BF3386EBB1B}.Debug|Any CPU.Build.0 = Debug|Any CPU
		{180C13AF-1CF7-60CE-E257-1BF3386EBB1B}.Release|Any CPU.ActiveCfg = Release|Any CPU
		{180C13AF-1CF7-60CE-E257-1BF3386EBB1B}.Release|Any CPU.Build.0 = Release|Any CPU
		{641578EB-CDCF-7C28-24D7-7F746549F08C}.Debug|Any CPU.ActiveCfg = Debug|Any CPU
		{641578EB-CDCF-7C28-24D7-7F746549F08C}.Debug|Any CPU.Build.0 = Debug|Any CPU
		{641578EB-CDCF-7C28-24D7-7F746549F08C}.Release|Any CPU.ActiveCfg = Release|Any CPU
		{641578EB-CDCF-7C28-24D7-7F746549F08C}.Release|Any CPU.Build.0 = Release|Any CPU
		{82B9B73E-FC87-DB2C-2023-4FB17176C4C3}.Debug|Any CPU.ActiveCfg = Debug|Any CPU
		{82B9B73E-FC87-DB2C-2023-4FB17176C4C3}.Debug|Any CPU.Build.0 = Debug|Any CPU
		{82B9B73E-FC87-DB2C-2023-4FB17176C4C3}.Release|Any CPU.ActiveCfg = Release|Any CPU
		{82B9B73E-FC87-DB2C-2023-4FB17176C4C3}.Release|Any CPU.Build.0 = Release|Any CPU
		{2317CD96-790D-3ECB-3612-4D9FA94CF475}.Debug|Any CPU.ActiveCfg = Debug|Any CPU
		{2317CD96-790D-3ECB-3612-4D9FA94CF475}.Debug|Any CPU.Build.0 = Debug|Any CPU
		{2317CD96-790D-3ECB-3612-4D9FA94CF475}.Release|Any CPU.ActiveCfg = Release|Any CPU
		{2317CD96-790D-3ECB-3612-4D9FA94CF475}.Release|Any CPU.Build.0 = Release|Any CPU
		{BCBAEA4E-A02D-9305-921D-825845F49E32}.Debug|Any CPU.ActiveCfg = Debug|Any CPU
		{BCBAEA4E-A02D-9305-921D-825845F49E32}.Debug|Any CPU.Build.0 = Debug|Any CPU
		{BCBAEA4E-A02D-9305-921D-825845F49E32}.Release|Any CPU.ActiveCfg = Release|Any CPU
		{BCBAEA4E-A02D-9305-921D-825845F49E32}.Release|Any CPU.Build.0 = Release|Any CPU
		{50BA3432-E10B-C0C8-9977-07A2AAE03951}.Debug|Any CPU.ActiveCfg = Debug|Any CPU
		{50BA3432-E10B-C0C8-9977-07A2AAE03951}.Debug|Any CPU.Build.0 = Debug|Any CPU
		{50BA3432-E10B-C0C8-9977-07A2AAE03951}.Release|Any CPU.ActiveCfg = Release|Any CPU
		{50BA3432-E10B-C0C8-9977-07A2AAE03951}.Release|Any CPU.Build.0 = Release|Any CPU
		{1DC4AB5C-E61C-201B-5E97-87A34C9E85CB}.Debug|Any CPU.ActiveCfg = Debug|Any CPU
		{1DC4AB5C-E61C-201B-5E97-87A34C9E85CB}.Debug|Any CPU.Build.0 = Debug|Any CPU
		{1DC4AB5C-E61C-201B-5E97-87A34C9E85CB}.Release|Any CPU.ActiveCfg = Release|Any CPU
		{1DC4AB5C-E61C-201B-5E97-87A34C9E85CB}.Release|Any CPU.Build.0 = Release|Any CPU
		{D2157FCE-25A1-5AC7-216E-66596A8170DB}.Debug|Any CPU.ActiveCfg = Debug|Any CPU
		{D2157FCE-25A1-5AC7-216E-66596A8170DB}.Debug|Any CPU.Build.0 = Debug|Any CPU
		{D2157FCE-25A1-5AC7-216E-66596A8170DB}.Release|Any CPU.ActiveCfg = Release|Any CPU
		{D2157FCE-25A1-5AC7-216E-66596A8170DB}.Release|Any CPU.Build.0 = Release|Any CPU
		{6A2D1676-FAAA-903D-0F46-ACF24F46E1DD}.Debug|Any CPU.ActiveCfg = Debug|Any CPU
		{6A2D1676-FAAA-903D-0F46-ACF24F46E1DD}.Debug|Any CPU.Build.0 = Debug|Any CPU
		{6A2D1676-FAAA-903D-0F46-ACF24F46E1DD}.Release|Any CPU.ActiveCfg = Release|Any CPU
		{6A2D1676-FAAA-903D-0F46-ACF24F46E1DD}.Release|Any CPU.Build.0 = Release|Any CPU
		{91D87F19-1568-34A6-D109-04AD919D2787}.Debug|Any CPU.ActiveCfg = Debug|Any CPU
		{91D87F19-1568-34A6-D109-04AD919D2787}.Debug|Any CPU.Build.0 = Debug|Any CPU
		{91D87F19-1568-34A6-D109-04AD919D2787}.Release|Any CPU.ActiveCfg = Release|Any CPU
		{91D87F19-1568-34A6-D109-04AD919D2787}.Release|Any CPU.Build.0 = Release|Any CPU
		{A98E3338-AB67-3B4E-8464-37C02AEB662C}.Debug|Any CPU.ActiveCfg = Debug|Any CPU
		{A98E3338-AB67-3B4E-8464-37C02AEB662C}.Debug|Any CPU.Build.0 = Debug|Any CPU
		{A98E3338-AB67-3B4E-8464-37C02AEB662C}.Release|Any CPU.ActiveCfg = Release|Any CPU
		{A98E3338-AB67-3B4E-8464-37C02AEB662C}.Release|Any CPU.Build.0 = Release|Any CPU
		{3AFF7383-65E1-2548-632B-DDFF45416D1E}.Debug|Any CPU.ActiveCfg = Debug|Any CPU
		{3AFF7383-65E1-2548-632B-DDFF45416D1E}.Debug|Any CPU.Build.0 = Debug|Any CPU
		{3AFF7383-65E1-2548-632B-DDFF45416D1E}.Release|Any CPU.ActiveCfg = Release|Any CPU
		{3AFF7383-65E1-2548-632B-DDFF45416D1E}.Release|Any CPU.Build.0 = Release|Any CPU
		{4D05EF9B-F385-27DB-9106-7A1CB0F7DC86}.Debug|Any CPU.ActiveCfg = Debug|Any CPU
		{4D05EF9B-F385-27DB-9106-7A1CB0F7DC86}.Debug|Any CPU.Build.0 = Debug|Any CPU
		{4D05EF9B-F385-27DB-9106-7A1CB0F7DC86}.Release|Any CPU.ActiveCfg = Release|Any CPU
		{4D05EF9B-F385-27DB-9106-7A1CB0F7DC86}.Release|Any CPU.Build.0 = Release|Any CPU
		{CB5D0F3E-5D8B-FB12-7B95-EDBE97E00681}.Debug|Any CPU.ActiveCfg = Debug|Any CPU
		{CB5D0F3E-5D8B-FB12-7B95-EDBE97E00681}.Debug|Any CPU.Build.0 = Debug|Any CPU
		{CB5D0F3E-5D8B-FB12-7B95-EDBE97E00681}.Release|Any CPU.ActiveCfg = Release|Any CPU
		{CB5D0F3E-5D8B-FB12-7B95-EDBE97E00681}.Release|Any CPU.Build.0 = Release|Any CPU
		{C2304078-E6A1-B8D5-F2BF-2AAB01C84DF0}.Debug|Any CPU.ActiveCfg = Debug|Any CPU
		{C2304078-E6A1-B8D5-F2BF-2AAB01C84DF0}.Debug|Any CPU.Build.0 = Debug|Any CPU
		{C2304078-E6A1-B8D5-F2BF-2AAB01C84DF0}.Release|Any CPU.ActiveCfg = Release|Any CPU
		{C2304078-E6A1-B8D5-F2BF-2AAB01C84DF0}.Release|Any CPU.Build.0 = Release|Any CPU
		{BB40224A-A62D-CA2F-31E4-893791BFF521}.Debug|Any CPU.ActiveCfg = Debug|Any CPU
		{BB40224A-A62D-CA2F-31E4-893791BFF521}.Debug|Any CPU.Build.0 = Debug|Any CPU
		{BB40224A-A62D-CA2F-31E4-893791BFF521}.Release|Any CPU.ActiveCfg = Release|Any CPU
		{BB40224A-A62D-CA2F-31E4-893791BFF521}.Release|Any CPU.Build.0 = Release|Any CPU
		{491D6D6A-676D-8D8D-0E58-E288AEF00E18}.Debug|Any CPU.ActiveCfg = Debug|Any CPU
		{491D6D6A-676D-8D8D-0E58-E288AEF00E18}.Debug|Any CPU.Build.0 = Debug|Any CPU
		{491D6D6A-676D-8D8D-0E58-E288AEF00E18}.Release|Any CPU.ActiveCfg = Release|Any CPU
		{491D6D6A-676D-8D8D-0E58-E288AEF00E18}.Release|Any CPU.Build.0 = Release|Any CPU
		{DABBCE3D-F5DE-268C-872A-51E148E18541}.Debug|Any CPU.ActiveCfg = Debug|Any CPU
		{DABBCE3D-F5DE-268C-872A-51E148E18541}.Debug|Any CPU.Build.0 = Debug|Any CPU
		{DABBCE3D-F5DE-268C-872A-51E148E18541}.Release|Any CPU.ActiveCfg = Release|Any CPU
		{DABBCE3D-F5DE-268C-872A-51E148E18541}.Release|Any CPU.Build.0 = Release|Any CPU
		{7E990743-3C42-981B-E955-FC637D3D0994}.Debug|Any CPU.ActiveCfg = Debug|Any CPU
		{7E990743-3C42-981B-E955-FC637D3D0994}.Debug|Any CPU.Build.0 = Debug|Any CPU
		{7E990743-3C42-981B-E955-FC637D3D0994}.Release|Any CPU.ActiveCfg = Release|Any CPU
		{7E990743-3C42-981B-E955-FC637D3D0994}.Release|Any CPU.Build.0 = Release|Any CPU
		{FFCD6015-1E30-4DCD-7358-5E41BA80440D}.Debug|Any CPU.ActiveCfg = Debug|Any CPU
		{FFCD6015-1E30-4DCD-7358-5E41BA80440D}.Debug|Any CPU.Build.0 = Debug|Any CPU
		{FFCD6015-1E30-4DCD-7358-5E41BA80440D}.Release|Any CPU.ActiveCfg = Release|Any CPU
		{FFCD6015-1E30-4DCD-7358-5E41BA80440D}.Release|Any CPU.Build.0 = Release|Any CPU
		{0655E2D0-CE35-3F6F-91E7-FA29305C4C2C}.Debug|Any CPU.ActiveCfg = Debug|Any CPU
		{0655E2D0-CE35-3F6F-91E7-FA29305C4C2C}.Debug|Any CPU.Build.0 = Debug|Any CPU
		{0655E2D0-CE35-3F6F-91E7-FA29305C4C2C}.Release|Any CPU.ActiveCfg = Release|Any CPU
		{0655E2D0-CE35-3F6F-91E7-FA29305C4C2C}.Release|Any CPU.Build.0 = Release|Any CPU
		{EDC2ACA4-3E93-ED9D-9DF8-095A4F757B93}.Debug|Any CPU.ActiveCfg = Debug|Any CPU
		{EDC2ACA4-3E93-ED9D-9DF8-095A4F757B93}.Debug|Any CPU.Build.0 = Debug|Any CPU
		{EDC2ACA4-3E93-ED9D-9DF8-095A4F757B93}.Release|Any CPU.ActiveCfg = Release|Any CPU
		{EDC2ACA4-3E93-ED9D-9DF8-095A4F757B93}.Release|Any CPU.Build.0 = Release|Any CPU
		{250FF7ED-688A-EDDA-BCDE-9F991F0BDAF8}.Debug|Any CPU.ActiveCfg = Debug|Any CPU
		{250FF7ED-688A-EDDA-BCDE-9F991F0BDAF8}.Debug|Any CPU.Build.0 = Debug|Any CPU
		{250FF7ED-688A-EDDA-BCDE-9F991F0BDAF8}.Release|Any CPU.ActiveCfg = Release|Any CPU
		{250FF7ED-688A-EDDA-BCDE-9F991F0BDAF8}.Release|Any CPU.Build.0 = Release|Any CPU
		{C2C644CE-5135-5A08-7B82-1E32C9CDEA2B}.Debug|Any CPU.ActiveCfg = Debug|Any CPU
		{C2C644CE-5135-5A08-7B82-1E32C9CDEA2B}.Debug|Any CPU.Build.0 = Debug|Any CPU
		{C2C644CE-5135-5A08-7B82-1E32C9CDEA2B}.Release|Any CPU.ActiveCfg = Release|Any CPU
		{C2C644CE-5135-5A08-7B82-1E32C9CDEA2B}.Release|Any CPU.Build.0 = Release|Any CPU
		{B280F195-3090-08B6-F1BD-FE791FDCE351}.Debug|Any CPU.ActiveCfg = Debug|Any CPU
		{B280F195-3090-08B6-F1BD-FE791FDCE351}.Debug|Any CPU.Build.0 = Debug|Any CPU
		{B280F195-3090-08B6-F1BD-FE791FDCE351}.Release|Any CPU.ActiveCfg = Release|Any CPU
		{B280F195-3090-08B6-F1BD-FE791FDCE351}.Release|Any CPU.Build.0 = Release|Any CPU
		{9A9FEA3F-F45B-C1CF-283B-1DD0D85683EB}.Debug|Any CPU.ActiveCfg = Debug|Any CPU
		{9A9FEA3F-F45B-C1CF-283B-1DD0D85683EB}.Debug|Any CPU.Build.0 = Debug|Any CPU
		{9A9FEA3F-F45B-C1CF-283B-1DD0D85683EB}.Release|Any CPU.ActiveCfg = Release|Any CPU
		{9A9FEA3F-F45B-C1CF-283B-1DD0D85683EB}.Release|Any CPU.Build.0 = Release|Any CPU
		{84F8EFD8-A7E5-0ED4-5879-F6B6A31CCC86}.Debug|Any CPU.ActiveCfg = Debug|Any CPU
		{84F8EFD8-A7E5-0ED4-5879-F6B6A31CCC86}.Debug|Any CPU.Build.0 = Debug|Any CPU
		{84F8EFD8-A7E5-0ED4-5879-F6B6A31CCC86}.Release|Any CPU.ActiveCfg = Release|Any CPU
		{84F8EFD8-A7E5-0ED4-5879-F6B6A31CCC86}.Release|Any CPU.Build.0 = Release|Any CPU
		{BF73B31B-715A-ABCA-BE14-8C4BD440FAF2}.Debug|Any CPU.ActiveCfg = Debug|Any CPU
		{BF73B31B-715A-ABCA-BE14-8C4BD440FAF2}.Debug|Any CPU.Build.0 = Debug|Any CPU
		{BF73B31B-715A-ABCA-BE14-8C4BD440FAF2}.Release|Any CPU.ActiveCfg = Release|Any CPU
		{BF73B31B-715A-ABCA-BE14-8C4BD440FAF2}.Release|Any CPU.Build.0 = Release|Any CPU
		{461DEC0E-ABE6-8440-4467-18972AC2E02B}.Debug|Any CPU.ActiveCfg = Debug|Any CPU
		{461DEC0E-ABE6-8440-4467-18972AC2E02B}.Debug|Any CPU.Build.0 = Debug|Any CPU
		{461DEC0E-ABE6-8440-4467-18972AC2E02B}.Release|Any CPU.ActiveCfg = Release|Any CPU
		{461DEC0E-ABE6-8440-4467-18972AC2E02B}.Release|Any CPU.Build.0 = Release|Any CPU
		{9AD96610-9D58-B954-CD5E-80EC544DA93F}.Debug|Any CPU.ActiveCfg = Debug|Any CPU
		{9AD96610-9D58-B954-CD5E-80EC544DA93F}.Debug|Any CPU.Build.0 = Debug|Any CPU
		{9AD96610-9D58-B954-CD5E-80EC544DA93F}.Release|Any CPU.ActiveCfg = Release|Any CPU
		{9AD96610-9D58-B954-CD5E-80EC544DA93F}.Release|Any CPU.Build.0 = Release|Any CPU
		{D0DC45D7-9459-6057-BBB5-CB1B593941D6}.Debug|Any CPU.ActiveCfg = Debug|Any CPU
		{D0DC45D7-9459-6057-BBB5-CB1B593941D6}.Debug|Any CPU.Build.0 = Debug|Any CPU
		{D0DC45D7-9459-6057-BBB5-CB1B593941D6}.Release|Any CPU.ActiveCfg = Release|Any CPU
		{D0DC45D7-9459-6057-BBB5-CB1B593941D6}.Release|Any CPU.Build.0 = Release|Any CPU
		{C91B6651-0B5F-F599-822F-889F02919B35}.Debug|Any CPU.ActiveCfg = Debug|Any CPU
		{C91B6651-0B5F-F599-822F-889F02919B35}.Debug|Any CPU.Build.0 = Debug|Any CPU
		{C91B6651-0B5F-F599-822F-889F02919B35}.Release|Any CPU.ActiveCfg = Release|Any CPU
		{C91B6651-0B5F-F599-822F-889F02919B35}.Release|Any CPU.Build.0 = Release|Any CPU
		{4212461F-BF64-341C-51E6-072900744128}.Debug|Any CPU.ActiveCfg = Debug|Any CPU
		{4212461F-BF64-341C-51E6-072900744128}.Debug|Any CPU.Build.0 = Debug|Any CPU
		{4212461F-BF64-341C-51E6-072900744128}.Release|Any CPU.ActiveCfg = Release|Any CPU
		{4212461F-BF64-341C-51E6-072900744128}.Release|Any CPU.Build.0 = Release|Any CPU
		{FE9FFCE5-383C-C736-FAD5-67F714285C60}.Debug|Any CPU.ActiveCfg = Debug|Any CPU
		{FE9FFCE5-383C-C736-FAD5-67F714285C60}.Debug|Any CPU.Build.0 = Debug|Any CPU
		{FE9FFCE5-383C-C736-FAD5-67F714285C60}.Release|Any CPU.ActiveCfg = Release|Any CPU
		{FE9FFCE5-383C-C736-FAD5-67F714285C60}.Release|Any CPU.Build.0 = Release|Any CPU
		{765B470A-1EAA-2C69-394C-244E43F53645}.Debug|Any CPU.ActiveCfg = Debug|Any CPU
		{765B470A-1EAA-2C69-394C-244E43F53645}.Debug|Any CPU.Build.0 = Debug|Any CPU
		{765B470A-1EAA-2C69-394C-244E43F53645}.Release|Any CPU.ActiveCfg = Release|Any CPU
		{765B470A-1EAA-2C69-394C-244E43F53645}.Release|Any CPU.Build.0 = Release|Any CPU
		{99ED1EBA-0B04-668A-9F0B-CFC0D0BDD893}.Debug|Any CPU.ActiveCfg = Debug|Any CPU
		{99ED1EBA-0B04-668A-9F0B-CFC0D0BDD893}.Debug|Any CPU.Build.0 = Debug|Any CPU
		{99ED1EBA-0B04-668A-9F0B-CFC0D0BDD893}.Release|Any CPU.ActiveCfg = Release|Any CPU
		{99ED1EBA-0B04-668A-9F0B-CFC0D0BDD893}.Release|Any CPU.Build.0 = Release|Any CPU
		{5254C0C5-3961-FFF0-2BF0-D6203A86C4BA}.Debug|Any CPU.ActiveCfg = Debug|Any CPU
		{5254C0C5-3961-FFF0-2BF0-D6203A86C4BA}.Debug|Any CPU.Build.0 = Debug|Any CPU
		{5254C0C5-3961-FFF0-2BF0-D6203A86C4BA}.Release|Any CPU.ActiveCfg = Release|Any CPU
		{5254C0C5-3961-FFF0-2BF0-D6203A86C4BA}.Release|Any CPU.Build.0 = Release|Any CPU
		{990D14B8-E3B8-D00D-99E2-215C8B3B73AF}.Debug|Any CPU.ActiveCfg = Debug|Any CPU
		{990D14B8-E3B8-D00D-99E2-215C8B3B73AF}.Debug|Any CPU.Build.0 = Debug|Any CPU
		{990D14B8-E3B8-D00D-99E2-215C8B3B73AF}.Release|Any CPU.ActiveCfg = Release|Any CPU
		{990D14B8-E3B8-D00D-99E2-215C8B3B73AF}.Release|Any CPU.Build.0 = Release|Any CPU
		{70B0631A-40CD-93B6-EC6D-249B1C0DDE6F}.Debug|Any CPU.ActiveCfg = Debug|Any CPU
		{70B0631A-40CD-93B6-EC6D-249B1C0DDE6F}.Debug|Any CPU.Build.0 = Debug|Any CPU
		{70B0631A-40CD-93B6-EC6D-249B1C0DDE6F}.Release|Any CPU.ActiveCfg = Release|Any CPU
		{70B0631A-40CD-93B6-EC6D-249B1C0DDE6F}.Release|Any CPU.Build.0 = Release|Any CPU
		{E2AC593F-1E83-68CC-7216-2BA2D20E2450}.Debug|Any CPU.ActiveCfg = Debug|Any CPU
		{E2AC593F-1E83-68CC-7216-2BA2D20E2450}.Debug|Any CPU.Build.0 = Debug|Any CPU
		{E2AC593F-1E83-68CC-7216-2BA2D20E2450}.Release|Any CPU.ActiveCfg = Release|Any CPU
		{E2AC593F-1E83-68CC-7216-2BA2D20E2450}.Release|Any CPU.Build.0 = Release|Any CPU
		{68B879D5-8C15-AD75-E7E1-CDD22515EA87}.Debug|Any CPU.ActiveCfg = Debug|Any CPU
		{68B879D5-8C15-AD75-E7E1-CDD22515EA87}.Debug|Any CPU.Build.0 = Debug|Any CPU
		{68B879D5-8C15-AD75-E7E1-CDD22515EA87}.Release|Any CPU.ActiveCfg = Release|Any CPU
		{68B879D5-8C15-AD75-E7E1-CDD22515EA87}.Release|Any CPU.Build.0 = Release|Any CPU
		{1668C589-A96D-398C-CA3A-69B569B58A9D}.Debug|Any CPU.ActiveCfg = Debug|Any CPU
		{1668C589-A96D-398C-CA3A-69B569B58A9D}.Debug|Any CPU.Build.0 = Debug|Any CPU
		{1668C589-A96D-398C-CA3A-69B569B58A9D}.Release|Any CPU.ActiveCfg = Release|Any CPU
		{1668C589-A96D-398C-CA3A-69B569B58A9D}.Release|Any CPU.Build.0 = Release|Any CPU
		{EB06819F-9913-8738-2A7C-064706C4725E}.Debug|Any CPU.ActiveCfg = Debug|Any CPU
		{EB06819F-9913-8738-2A7C-064706C4725E}.Debug|Any CPU.Build.0 = Debug|Any CPU
		{EB06819F-9913-8738-2A7C-064706C4725E}.Release|Any CPU.ActiveCfg = Release|Any CPU
		{EB06819F-9913-8738-2A7C-064706C4725E}.Release|Any CPU.Build.0 = Release|Any CPU
		{763FC257-B511-0241-9B8D-EAE5E6488E9E}.Debug|Any CPU.ActiveCfg = Debug|Any CPU
		{763FC257-B511-0241-9B8D-EAE5E6488E9E}.Debug|Any CPU.Build.0 = Debug|Any CPU
		{763FC257-B511-0241-9B8D-EAE5E6488E9E}.Release|Any CPU.ActiveCfg = Release|Any CPU
		{763FC257-B511-0241-9B8D-EAE5E6488E9E}.Release|Any CPU.Build.0 = Release|Any CPU
		{592131D7-3588-517C-AAA7-01FDE23CD561}.Debug|Any CPU.ActiveCfg = Debug|Any CPU
		{592131D7-3588-517C-AAA7-01FDE23CD561}.Debug|Any CPU.Build.0 = Debug|Any CPU
		{592131D7-3588-517C-AAA7-01FDE23CD561}.Release|Any CPU.ActiveCfg = Release|Any CPU
		{592131D7-3588-517C-AAA7-01FDE23CD561}.Release|Any CPU.Build.0 = Release|Any CPU
		{492921F3-20E4-8B24-8E71-C81E66EA2801}.Debug|Any CPU.ActiveCfg = Debug|Any CPU
		{492921F3-20E4-8B24-8E71-C81E66EA2801}.Debug|Any CPU.Build.0 = Debug|Any CPU
		{492921F3-20E4-8B24-8E71-C81E66EA2801}.Release|Any CPU.ActiveCfg = Release|Any CPU
		{492921F3-20E4-8B24-8E71-C81E66EA2801}.Release|Any CPU.Build.0 = Release|Any CPU
		{2A6BC04C-FF70-02EA-94C0-E77715620270}.Debug|Any CPU.ActiveCfg = Debug|Any CPU
		{2A6BC04C-FF70-02EA-94C0-E77715620270}.Debug|Any CPU.Build.0 = Debug|Any CPU
		{2A6BC04C-FF70-02EA-94C0-E77715620270}.Release|Any CPU.ActiveCfg = Release|Any CPU
		{2A6BC04C-FF70-02EA-94C0-E77715620270}.Release|Any CPU.Build.0 = Release|Any CPU
		{C4CF52C9-9B76-2649-4A79-9B5DEC0FE699}.Debug|Any CPU.ActiveCfg = Debug|Any CPU
		{C4CF52C9-9B76-2649-4A79-9B5DEC0FE699}.Debug|Any CPU.Build.0 = Debug|Any CPU
		{C4CF52C9-9B76-2649-4A79-9B5DEC0FE699}.Release|Any CPU.ActiveCfg = Release|Any CPU
		{C4CF52C9-9B76-2649-4A79-9B5DEC0FE699}.Release|Any CPU.Build.0 = Release|Any CPU
		{81CF9ACA-DFAE-A253-D0D2-94C2B044829F}.Debug|Any CPU.ActiveCfg = Debug|Any CPU
		{81CF9ACA-DFAE-A253-D0D2-94C2B044829F}.Debug|Any CPU.Build.0 = Debug|Any CPU
		{81CF9ACA-DFAE-A253-D0D2-94C2B044829F}.Release|Any CPU.ActiveCfg = Release|Any CPU
		{81CF9ACA-DFAE-A253-D0D2-94C2B044829F}.Release|Any CPU.Build.0 = Release|Any CPU
		{8C551374-82AF-15A3-B392-A5E1BB90CCC0}.Debug|Any CPU.ActiveCfg = Debug|Any CPU
		{8C551374-82AF-15A3-B392-A5E1BB90CCC0}.Debug|Any CPU.Build.0 = Debug|Any CPU
		{8C551374-82AF-15A3-B392-A5E1BB90CCC0}.Release|Any CPU.ActiveCfg = Release|Any CPU
		{8C551374-82AF-15A3-B392-A5E1BB90CCC0}.Release|Any CPU.Build.0 = Release|Any CPU
		{0BA37AA8-8B8D-A0E4-6CC2-A356719FFBB0}.Debug|Any CPU.ActiveCfg = Debug|Any CPU
		{0BA37AA8-8B8D-A0E4-6CC2-A356719FFBB0}.Debug|Any CPU.Build.0 = Debug|Any CPU
		{0BA37AA8-8B8D-A0E4-6CC2-A356719FFBB0}.Release|Any CPU.ActiveCfg = Release|Any CPU
		{0BA37AA8-8B8D-A0E4-6CC2-A356719FFBB0}.Release|Any CPU.Build.0 = Release|Any CPU
		{B858E2C5-52A3-8E7A-F750-6CA9CE75954A}.Debug|Any CPU.ActiveCfg = Debug|Any CPU
		{B858E2C5-52A3-8E7A-F750-6CA9CE75954A}.Debug|Any CPU.Build.0 = Debug|Any CPU
		{B858E2C5-52A3-8E7A-F750-6CA9CE75954A}.Release|Any CPU.ActiveCfg = Release|Any CPU
		{B858E2C5-52A3-8E7A-F750-6CA9CE75954A}.Release|Any CPU.Build.0 = Release|Any CPU
		{0A4D0A88-7EC7-C20A-E845-8B492A787548}.Debug|Any CPU.ActiveCfg = Debug|Any CPU
		{0A4D0A88-7EC7-C20A-E845-8B492A787548}.Debug|Any CPU.Build.0 = Debug|Any CPU
		{0A4D0A88-7EC7-C20A-E845-8B492A787548}.Release|Any CPU.ActiveCfg = Release|Any CPU
		{0A4D0A88-7EC7-C20A-E845-8B492A787548}.Release|Any CPU.Build.0 = Release|Any CPU
		{B2DE07FB-974D-3746-3174-61265784BE98}.Debug|Any CPU.ActiveCfg = Debug|Any CPU
		{B2DE07FB-974D-3746-3174-61265784BE98}.Debug|Any CPU.Build.0 = Debug|Any CPU
		{B2DE07FB-974D-3746-3174-61265784BE98}.Release|Any CPU.ActiveCfg = Release|Any CPU
		{B2DE07FB-974D-3746-3174-61265784BE98}.Release|Any CPU.Build.0 = Release|Any CPU
		{7F563A65-47B5-A474-C82D-51628EF0C797}.Debug|Any CPU.ActiveCfg = Debug|Any CPU
		{7F563A65-47B5-A474-C82D-51628EF0C797}.Debug|Any CPU.Build.0 = Debug|Any CPU
		{7F563A65-47B5-A474-C82D-51628EF0C797}.Release|Any CPU.ActiveCfg = Release|Any CPU
		{7F563A65-47B5-A474-C82D-51628EF0C797}.Release|Any CPU.Build.0 = Release|Any CPU
		{E423EFFA-3DCD-F27F-3283-7A40A353C63B}.Debug|Any CPU.ActiveCfg = Debug|Any CPU
		{E423EFFA-3DCD-F27F-3283-7A40A353C63B}.Debug|Any CPU.Build.0 = Debug|Any CPU
		{E423EFFA-3DCD-F27F-3283-7A40A353C63B}.Release|Any CPU.ActiveCfg = Release|Any CPU
		{E423EFFA-3DCD-F27F-3283-7A40A353C63B}.Release|Any CPU.Build.0 = Release|Any CPU
		{41686648-E417-061E-4464-EC6DB7FC1D54}.Debug|Any CPU.ActiveCfg = Debug|Any CPU
		{41686648-E417-061E-4464-EC6DB7FC1D54}.Debug|Any CPU.Build.0 = Debug|Any CPU
		{41686648-E417-061E-4464-EC6DB7FC1D54}.Release|Any CPU.ActiveCfg = Release|Any CPU
		{41686648-E417-061E-4464-EC6DB7FC1D54}.Release|Any CPU.Build.0 = Release|Any CPU
		{A367858E-2DA2-0404-9CB3-5F12878D1373}.Debug|Any CPU.ActiveCfg = Debug|Any CPU
		{A367858E-2DA2-0404-9CB3-5F12878D1373}.Debug|Any CPU.Build.0 = Debug|Any CPU
		{A367858E-2DA2-0404-9CB3-5F12878D1373}.Release|Any CPU.ActiveCfg = Release|Any CPU
		{A367858E-2DA2-0404-9CB3-5F12878D1373}.Release|Any CPU.Build.0 = Release|Any CPU
		{7484C79B-7966-52F7-32DB-9B5F8546FA11}.Debug|Any CPU.ActiveCfg = Debug|Any CPU
		{7484C79B-7966-52F7-32DB-9B5F8546FA11}.Debug|Any CPU.Build.0 = Debug|Any CPU
		{7484C79B-7966-52F7-32DB-9B5F8546FA11}.Release|Any CPU.ActiveCfg = Release|Any CPU
		{7484C79B-7966-52F7-32DB-9B5F8546FA11}.Release|Any CPU.Build.0 = Release|Any CPU
		{0470D649-2F84-56EA-5E53-D62A92764C36}.Debug|Any CPU.ActiveCfg = Debug|Any CPU
		{0470D649-2F84-56EA-5E53-D62A92764C36}.Debug|Any CPU.Build.0 = Debug|Any CPU
		{0470D649-2F84-56EA-5E53-D62A92764C36}.Release|Any CPU.ActiveCfg = Release|Any CPU
		{0470D649-2F84-56EA-5E53-D62A92764C36}.Release|Any CPU.Build.0 = Release|Any CPU
		{2F34BBBF-E77A-AD45-4CC1-A0DAA34EF25C}.Debug|Any CPU.ActiveCfg = Debug|Any CPU
		{2F34BBBF-E77A-AD45-4CC1-A0DAA34EF25C}.Debug|Any CPU.Build.0 = Debug|Any CPU
		{2F34BBBF-E77A-AD45-4CC1-A0DAA34EF25C}.Release|Any CPU.ActiveCfg = Release|Any CPU
		{2F34BBBF-E77A-AD45-4CC1-A0DAA34EF25C}.Release|Any CPU.Build.0 = Release|Any CPU
		{2377E1D6-5714-E1E2-C694-645B6DBA3BE1}.Debug|Any CPU.ActiveCfg = Debug|Any CPU
		{2377E1D6-5714-E1E2-C694-645B6DBA3BE1}.Debug|Any CPU.Build.0 = Debug|Any CPU
		{2377E1D6-5714-E1E2-C694-645B6DBA3BE1}.Release|Any CPU.ActiveCfg = Release|Any CPU
		{2377E1D6-5714-E1E2-C694-645B6DBA3BE1}.Release|Any CPU.Build.0 = Release|Any CPU
	EndGlobalSection
	GlobalSection(SolutionProperties) = preSolution
		HideSolutionNode = FALSE
	EndGlobalSection
EndGlobal
